
Microsoft Visual Studio Solution File, Format Version 12.00
# Visual Studio Version 17
VisualStudioVersion = 17.0.32112.339
MinimumVisualStudioVersion = 10.0.40219.1
Project("{FAE04EC0-301F-11D3-BF4B-00C04F79EFBC}") = "arraylist1", "arraylist1\arraylist1.csproj", "{BA22DFA3-79FE-46D3-A221-24389ADC3987}"
EndProject
Global
	GlobalSection(SolutionConfigurationPlatforms) = preSolution
		Debug|Any CPU = Debug|Any CPU
		Release|Any CPU = Release|Any CPU
	EndGlobalSection
	GlobalSection(ProjectConfigurationPlatforms) = postSolution
		{BA22DFA3-79FE-46D3-A221-24389ADC3987}.Debug|Any CPU.ActiveCfg = Debug|Any CPU
		{BA22DFA3-79FE-46D3-A221-24389ADC3987}.Debug|Any CPU.Build.0 = Debug|Any CPU
		{BA22DFA3-79FE-46D3-A221-24389ADC3987}.Release|Any CPU.ActiveCfg = Release|Any CPU
		{BA22DFA3-79FE-46D3-A221-24389ADC3987}.Release|Any CPU.Build.0 = Release|Any CPU
	EndGlobalSection
	GlobalSection(SolutionProperties) = preSolution
		HideSolutionNode = FALSE
	EndGlobalSection
	GlobalSection(ExtensibilityGlobals) = postSolution
		SolutionGuid = {00993133-B8E6-4C14-818F-DFB6B1C77202}
	EndGlobalSection
EndGlobal
